
Microsoft Visual Studio Solution File, Format Version 12.00
# Visual Studio Version 17
VisualStudioVersion = 17.7.34024.191
MinimumVisualStudioVersion = 10.0.40219.1
Project("{FAE04EC0-301F-11D3-BF4B-00C04F79EFBC}") = "my-books", "my-books\my-books.csproj", "{DB9C5746-C9DB-4A1D-A9B5-5726E310F8EF}"
EndProject
Global
	GlobalSection(SolutionConfigurationPlatforms) = preSolution
		Debug|Any CPU = Debug|Any CPU
		Release|Any CPU = Release|Any CPU
	EndGlobalSection
	GlobalSection(ProjectConfigurationPlatforms) = postSolution
		{DB9C5746-C9DB-4A1D-A9B5-5726E310F8EF}.Debug|Any CPU.ActiveCfg = Debug|Any CPU
		{DB9C5746-C9DB-4A1D-A9B5-5726E310F8EF}.Debug|Any CPU.Build.0 = Debug|Any CPU
		{DB9C5746-C9DB-4A1D-A9B5-5726E310F8EF}.Release|Any CPU.ActiveCfg = Release|Any CPU
		{DB9C5746-C9DB-4A1D-A9B5-5726E310F8EF}.Release|Any CPU.Build.0 = Release|Any CPU
	EndGlobalSection
	GlobalSection(SolutionProperties) = preSolution
		HideSolutionNode = FALSE
	EndGlobalSection
	GlobalSection(ExtensibilityGlobals) = postSolution
		SolutionGuid = {2343580F-1F9A-4B30-BAAB-223E18096394}
	EndGlobalSection
EndGlobal
